PODS:
  - FLEX (4.1.1)
  - KLConsole (1.0.6):
    - Masonry
  - Masonry (1.1.0)
  - YKWoodpecker (1.2.5)

DEPENDENCIES:
  - FLEX
  - KLConsole (from `../`)
  - YKWoodpecker

SPEC REPOS:
  trunk:
    - FLEX
    - Masonry
    - YKWoodpecker

EXTERNAL SOURCES:
  KLConsole:
    :path: "../"

SPEC CHECKSUMS:
  FLEX: 81096107977a09836eb440173010ceeef01105d6
  KLConsole: 46307d5631af5ec327e74a232bb5fa027ac27f8e
  Masonry: 678fab65091a9290e40e2832a55e7ab731aad201
  YKWoodpecker: 97ebd8f4c0366560c61d5844e64b21af8d70804c

PODFILE CHECKSUM: 558e21bef9a6db3f94553b17400eddc5b22d6bb8

COCOAPODS: 1.9.2
