PODS:
  - KLCategory (1.0.9)
  - KLConsole (1.0.0):
    - KLCategory
    - Masonry
  - Masonry (1.1.0)
  - YKWoodpecker (1.1.1)

DEPENDENCIES:
  - KLConsole (from `../`)
  - YKWoodpecker

SPEC REPOS:
  https://github.com/Kalanhall/Specs.git:
    - KLCategory
  trunk:
    - Masonry
    - YKWoodpecker

EXTERNAL SOURCES:
  KLConsole:
    :path: "../"

SPEC CHECKSUMS:
  KLCategory: c5cce470a3099ce77cc4a801bec4ff7a65509b2a
  KLConsole: 9eff9ca58e4902ae2e7c87c6f211467226e2dcf2
  Masonry: 678fab65091a9290e40e2832a55e7ab731aad201
  YKWoodpecker: 446884788ccf1f1800781d50e503f9bdb0bdaebe

PODFILE CHECKSUM: 2c5bfc57feddfe417c42b04b3760a8c6c2979fd8

COCOAPODS: 1.8.3
