PODS:
  - KLConsole (1.0):
    - Masonry
    - YKWoodpecker
  - Masonry (1.1.0)
  - YKWoodpecker (1.1.1)

DEPENDENCIES:
  - KLConsole (from `../`)

SPEC REPOS:
  trunk:
    - Masonry
    - YKWoodpecker

EXTERNAL SOURCES:
  KLConsole:
    :path: "../"

SPEC CHECKSUMS:
  KLConsole: 8e4120c072477cc49c7f4459cf0af6cd957b9eca
  Masonry: 678fab65091a9290e40e2832a55e7ab731aad201
  YKWoodpecker: 446884788ccf1f1800781d50e503f9bdb0bdaebe

PODFILE CHECKSUM: d367c3f8b5c3048b2aaf2f1f9edcd6e53997921e

COCOAPODS: 1.8.4
